
Microsoft Visual Studio Solution File, Format Version 12.00
# Visual Studio Version 17
VisualStudioVersion = 17.4.33110.190
MinimumVisualStudioVersion = 10.0.40219.1
Project("{FAE04EC0-301F-11D3-BF4B-00C04F79EFBC}") = "MyShop", "MyShop\MyShop.csproj", "{263EA32C-C48C-4A88-A37E-38CA1015E23B}"
EndProject
Global
	GlobalSection(SolutionConfigurationPlatforms) = preSolution
		Debug|Any CPU = Debug|Any CPU
		Release|Any CPU = Release|Any CPU
	EndGlobalSection
	GlobalSection(ProjectConfigurationPlatforms) = postSolution
		{263EA32C-C48C-4A88-A37E-38CA1015E23B}.Debug|Any CPU.ActiveCfg = Debug|Any CPU
		{263EA32C-C48C-4A88-A37E-38CA1015E23B}.Debug|Any CPU.Build.0 = Debug|Any CPU
		{263EA32C-C48C-4A88-A37E-38CA1015E23B}.Release|Any CPU.ActiveCfg = Release|Any CPU
		{263EA32C-C48C-4A88-A37E-38CA1015E23B}.Release|Any CPU.Build.0 = Release|Any CPU
	EndGlobalSection
	GlobalSection(SolutionProperties) = preSolution
		HideSolutionNode = FALSE
	EndGlobalSection
	GlobalSection(ExtensibilityGlobals) = postSolution
		SolutionGuid = {E3930CD7-EB46-409E-B8D9-273F64C42B5F}
	EndGlobalSection
EndGlobal
